
Microsoft Visual Studio Solution File, Format Version 12.00
# Visual Studio Version 17
VisualStudioVersion = 17.5.002.0
MinimumVisualStudioVersion = 10.0.40219.1
Project("{9A19103F-16F7-4668-BE54-9A1E7A4F7556}") = "desafio-fizz-buzz", "desafio-fizz-buzz.csproj", "{2D9BC8C9-5581-48B5-ABFA-1F405E37A96E}"
EndProject
Global
	GlobalSection(SolutionConfigurationPlatforms) = preSolution
		Debug|Any CPU = Debug|Any CPU
		Release|Any CPU = Release|Any CPU
	EndGlobalSection
	GlobalSection(ProjectConfigurationPlatforms) = postSolution
		{2D9BC8C9-5581-48B5-ABFA-1F405E37A96E}.Debug|Any CPU.ActiveCfg = Debug|Any CPU
		{2D9BC8C9-5581-48B5-ABFA-1F405E37A96E}.Debug|Any CPU.Build.0 = Debug|Any CPU
		{2D9BC8C9-5581-48B5-ABFA-1F405E37A96E}.Release|Any CPU.ActiveCfg = Release|Any CPU
		{2D9BC8C9-5581-48B5-ABFA-1F405E37A96E}.Release|Any CPU.Build.0 = Release|Any CPU
	EndGlobalSection
	GlobalSection(SolutionProperties) = preSolution
		HideSolutionNode = FALSE
	EndGlobalSection
	GlobalSection(ExtensibilityGlobals) = postSolution
		SolutionGuid = {EABB3C8C-5A98-4729-81BA-BA3F743A715B}
	EndGlobalSection
EndGlobal
